{
    "_readme": [
        "This file locks the dependencies of your project to a known state",
        "Read more about it at https://getcomposer.org/doc/01-basic-usage.md#installing-dependencies",
        "This file is @generated automatically"
    ],
    "content-hash": "ba646cedb219d6a27c4b8249951bef9c",
    "packages": [
        {
            "name": "components/jquery",
            "version": "3.5.1",
            "source": {
                "type": "git",
                "url": "https://github.com/components/jquery.git",
                "reference": "b33e8f0f9a1cb2ae390cf05d766a900b53d2125b"
            },
            "dist": {
                "type": "zip",
                "url": "https://api.github.com/repos/components/jquery/zipball/b33e8f0f9a1cb2ae390cf05d766a900b53d2125b",
                "reference": "b33e8f0f9a1cb2ae390cf05d766a900b53d2125b",
                "shasum": ""
            },
            "type": "component",
            "extra": {
                "component": {
                    "scripts": [
                        "jquery.js"
                    ],
                    "files": [
                        "jquery.min.js",
                        "jquery.min.map",
                        "jquery.slim.js",
                        "jquery.slim.min.js",
                        "jquery.slim.min.map"
                    ]
                }
            },
            "notification-url": "https://packagist.org/downloads/",
            "license": [
                "MIT"
            ],
            "authors": [
                {
                    "name": "JS Foundation and other contributors"
                }
            ],
            "description": "jQuery JavaScript Library",
            "homepage": "http://jquery.com",
            "time": "2020-05-05T13:21:02+00:00"
        },
        {
            "name": "components/jqueryui",
            "version": "1.12.1",
            "source": {
                "type": "git",
                "url": "https://github.com/components/jqueryui.git",
                "reference": "44ecf3794cc56b65954cc19737234a3119d036cc"
            },
            "dist": {
                "type": "zip",
                "url": "https://api.github.com/repos/components/jqueryui/zipball/44ecf3794cc56b65954cc19737234a3119d036cc",
                "reference": "44ecf3794cc56b65954cc19737234a3119d036cc",
                "shasum": ""
            },
            "require": {
                "components/jquery": ">=1.6"
            },
            "type": "component",
            "extra": {
                "component": {
                    "name": "jquery-ui",
                    "scripts": [
                        "jquery-ui.js"
                    ],
                    "files": [
                        "ui/**",
                        "themes/**",
                        "jquery-ui.min.js"
                    ],
                    "shim": {
                        "deps": [
                            "jquery"
                        ],
                        "exports": "jQuery"
                    }
                }
            },
            "notification-url": "https://packagist.org/downloads/",
            "license": [
                "MIT"
            ],
            "authors": [
                {
                    "name": "jQuery UI Team",
                    "homepage": "http://jqueryui.com/about"
                },
                {
                    "name": "Joern Zaefferer",
                    "email": "joern.zaefferer@gmail.com",
                    "homepage": "http://bassistance.de"
                },
                {
                    "name": "Scott Gonzalez",
                    "email": "scott.gonzalez@gmail.com",
                    "homepage": "http://scottgonzalez.com"
                },
                {
                    "name": "Kris Borchers",
                    "email": "kris.borchers@gmail.com",
                    "homepage": "http://krisborchers.com"
                },
                {
                    "name": "Mike Sherov",
                    "email": "mike.sherov@gmail.com",
                    "homepage": "http://mike.sherov.com"
                },
                {
                    "name": "TJ VanToll",
                    "email": "tj.vantoll@gmail.com",
                    "homepage": "http://tjvantoll.com"
                },
                {
                    "name": "Corey Frang",
                    "email": "gnarf37@gmail.com",
                    "homepage": "http://gnarf.net"
                },
                {
                    "name": "Felix Nagel",
                    "email": "info@felixnagel.com",
                    "homepage": "http://www.felixnagel.com"
                }
            ],
            "description": "jQuery UI is a curated set of user interface interactions, effects, widgets, and themes built on top of the jQuery JavaScript Library. Whether you're building highly interactive web applications or you just need to add a date picker to a form control, jQuery UI is the perfect choice.",
            "time": "2016-09-16T05:47:55+00:00"
        },
        {
            "name": "fantomx1/cli-parameters-parser",
            "version": "dev-master",
            "dist": {
                "type": "path",
                "url": "../../fantomx1/CliParametersParser",
                "reference": "21cf2f432e3b82cbf31e13c48117bfebf9231f90"
            },
            "type": "library",
            "autoload": {
                "psr-4": {
                    "fantomx1\\": "."
                }
            },
            "authors": [
                {
                    "name": "frantisek.hallo",
                    "email": "fantomx1@gmail.com"
                }
            ],
            "transport-options": {
                "relative": true
            }
        },
        {
            "name": "fantomx1/lightweight-untypable-combobox",
            "version": "dev-master",
            "dist": {
                "type": "path",
                "url": "../../fantomx1/lightweightUntypableCombobox",
                "reference": "da5d7056273cf338b4c5c12ba5c510c045efd9b5"
            },
            "type": "library",
            "autoload": {
                "psr-4": {
                    "fantomx1\\lightweightUntypableCombobox\\": "."
                }
            },
            "authors": [
                {
                    "name": "frantisek.hallo",
                    "email": "fantomx1@gmail.com"
                }
            ],
            "transport-options": {
                "relative": true
            }
        },
        {
            "name": "fantomx1/packages-assets-support",
            "version": "dev-master",
            "dist": {
                "type": "path",
                "url": "../../fantomx1/packagesAssetsSupport",
                "reference": "3acd1a225a7cb43476893e9a9236b489c2de8fc5"
            },
            "require": {
                "fantomx1/cli-parameters-parser": "@dev"
            },
            "type": "library",
            "autoload": {
                "psr-4": {
                    "fantomx1\\": "."
                }
            },
            "authors": [
                {
                    "name": "frantisek.hallo",
                    "email": "fantomx1@gmail.com"
                }
            ],
            "transport-options": {
                "relative": true
            }
        },
        {
            "name": "fantomx1/view-locator",
            "version": "dev-master",
            "source": {
                "type": "git",
                "url": "https://github.com/FantomX1/viewLocator.git",
                "reference": "97cc5be24a2ae03beab8e94b3f8f5e1f6d5e9b24"
            },
            "type": "library",
            "autoload": {
                "psr-4": {
                    "fantomx1\\": "."
                }
            },
            "authors": [
                {
                    "name": "frantisek.hallo",
                    "email": "fantomx1@gmail.com"
                }
            ],
            "description": "template locator",
            "time": "2020-08-11T14:38:18+00:00"
        }
    ],
    "packages-dev": [],
    "aliases": [],
    "minimum-stability": "stable",
    "stability-flags": {
        "fantomx1/view-locator": 20,
        "fantomx1/lightweight-untypable-combobox": 20,
        "fantomx1/cli-parameters-parser": 20,
        "fantomx1/packages-assets-support": 20
    },
    "prefer-stable": false,
    "prefer-lowest": false,
    "platform": [],
    "platform-dev": [],
    "plugin-api-version": "1.1.0"
}
